schema: '2.0'
stages:
  load_data:
    cmd: python src/load_data.py --config=params.yaml
    deps:
    - path: data_given/winequality.csv
      md5: 6a883fd98624e18c0b7ce251f4fab4fb
      size: 100951
    - path: src/get_data.py
      md5: 0aa3a8702378c683e43836e4e50b1ad6
      size: 633
    - path: src/load_data.py
      md5: 1570f45fd8e1b91b885ec7f8b553b53c
      size: 665
    outs:
    - path: data/raw/winequality.csv
      md5: b81c95040ccc1f04820095a237ba3c61
      size: 95085
  split_data:
    cmd: python src/split_data.py --config=params.yaml
    deps:
    - path: data/raw/winequality.csv
      md5: b81c95040ccc1f04820095a237ba3c61
      size: 95085
    - path: src/split_data.py
      md5: d0b79a27bd3db7325015bcec9ce3f589
      size: 1099
    outs:
    - path: data/processed/test_winequality.csv
      md5: 420389d6fcceeb7da1311c6b14af875f
      size: 19157
    - path: data/processed/train_winequality.csv
      md5: eb194c439f11a763691ae2f66e305d74
      size: 76075
  train_and_evaluate:
    cmd: python src/train_and_evaluate.py --config=params.yaml
    deps:
    - path: data/processed/test_winequality.csv
      md5: 420389d6fcceeb7da1311c6b14af875f
      size: 19157
    - path: data/processed/train_winequality.csv
      md5: eb194c439f11a763691ae2f66e305d74
      size: 76075
    - path: src/train_and_evaluate.py
      md5: 5501ea1f7152e8327498d87e543b9e8a
      size: 2671
    params:
      params.yaml:
        estimators.ElasticNet.params.alpha: 0.9
        estimators.ElasticNet.params.l1_ratio: 0.4
    outs:
    - path: report/params.json
      md5: a4aab0167612f21a6085dd05cfafdbf6
      size: 44
    - path: report/scores.json
      md5: 86524820870673b16aeaa90890571e40
      size: 101
    - path: saved_models/model.joblib
      md5: a5b24f2b8ad40f24646daa6005349d92
      size: 1336
